Microsoft Visual Studio Solution File, Format Version 9.00
# Visual Studio 2005
Project("{FAE04EC0-301F-11D3-BF4B-00C04F79EFBC}") = "Generator-2.0", "Generator\Generator-2.0.csproj", "{22CADD56-EF07-4040-A171-BC5A3AB896FD}"
EndProject
Project("{FAE04EC0-301F-11D3-BF4B-00C04F79EFBC}") = "Refly-2.0", "Refly\Refly-2.0.csproj", "{53086B22-3A6C-4017-ADB7-F22BF49FFF58}"
EndProject
Project("{FAE04EC0-301F-11D3-BF4B-00C04F79EFBC}") = "NHibernate.Mapping.Attributes-2.0", "NHibernate.Mapping.Attributes-2.0.csproj", "{AE0F3023-0ED6-45BE-8995-8C3B2E585A20}"
EndProject
Project("{FAE04EC0-301F-11D3-BF4B-00C04F79EFBC}") = "NHibernate.Mapping.Attributes.Test-2.0", "..\NHibernate.Mapping.Attributes.Test\NHibernate.Mapping.Attributes.Test-2.0.csproj", "{A6585067-79C1-41A9-A006-A83C3A800B21}"
EndProject
Global
	GlobalSection(SolutionConfigurationPlatforms) = preSolution
		Debug|Any CPU = Debug|Any CPU
		Release|Any CPU = Release|Any CPU
	EndGlobalSection
	GlobalSection(ProjectConfigurationPlatforms) = postSolution
		{22CADD56-EF07-4040-A171-BC5A3AB896FD}.Debug|Any CPU.ActiveCfg = Debug|Any CPU
		{22CADD56-EF07-4040-A171-BC5A3AB896FD}.Debug|Any CPU.Build.0 = Debug|Any CPU
		{22CADD56-EF07-4040-A171-BC5A3AB896FD}.Release|Any CPU.ActiveCfg = Release|Any CPU
		{22CADD56-EF07-4040-A171-BC5A3AB896FD}.Release|Any CPU.Build.0 = Release|Any CPU
		{53086B22-3A6C-4017-ADB7-F22BF49FFF58}.Debug|Any CPU.ActiveCfg = Debug|Any CPU
		{53086B22-3A6C-4017-ADB7-F22BF49FFF58}.Debug|Any CPU.Build.0 = Debug|Any CPU
		{53086B22-3A6C-4017-ADB7-F22BF49FFF58}.Release|Any CPU.ActiveCfg = Release|Any CPU
		{53086B22-3A6C-4017-ADB7-F22BF49FFF58}.Release|Any CPU.Build.0 = Release|Any CPU
		{AE0F3023-0ED6-45BE-8995-8C3B2E585A20}.Debug|Any CPU.ActiveCfg = Debug|Any CPU
		{AE0F3023-0ED6-45BE-8995-8C3B2E585A20}.Debug|Any CPU.Build.0 = Debug|Any CPU
		{AE0F3023-0ED6-45BE-8995-8C3B2E585A20}.Release|Any CPU.ActiveCfg = Release|Any CPU
		{AE0F3023-0ED6-45BE-8995-8C3B2E585A20}.Release|Any CPU.Build.0 = Release|Any CPU
		{A6585067-79C1-41A9-A006-A83C3A800B21}.Debug|Any CPU.ActiveCfg = Debug|Any CPU
		{A6585067-79C1-41A9-A006-A83C3A800B21}.Debug|Any CPU.Build.0 = Debug|Any CPU
		{A6585067-79C1-41A9-A006-A83C3A800B21}.Release|Any CPU.ActiveCfg = Release|Any CPU
		{A6585067-79C1-41A9-A006-A83C3A800B21}.Release|Any CPU.Build.0 = Release|Any CPU
	EndGlobalSection
	GlobalSection(SolutionProperties) = preSolution
		HideSolutionNode = FALSE
	EndGlobalSection
EndGlobal
