Microsoft Visual Studio Solution File, Format Version 8.00
Project("{FAE04EC0-301F-11D3-BF4B-00C04F79EFBC}") = "Generator-1.1", "Generator\Generator-1.1.csproj", "{22CADD56-EF07-4040-A171-BC5A3AB896FD}"
	ProjectSection(ProjectDependencies) = postProject
	EndProjectSection
EndProject
Project("{FAE04EC0-301F-11D3-BF4B-00C04F79EFBC}") = "Refly", "Refly\Refly.csproj", "{53086B22-3A6C-4017-ADB7-F22BF49FFF58}"
	ProjectSection(ProjectDependencies) = postProject
	EndProjectSection
EndProject
Project("{FAE04EC0-301F-11D3-BF4B-00C04F79EFBC}") = "NHibernate.Mapping.Attributes-1.1", "NHibernate.Mapping.Attributes-1.1.csproj", "{AE0F3023-0ED6-45BE-8995-8C3B2E585A20}"
	ProjectSection(ProjectDependencies) = postProject
	EndProjectSection
EndProject
Project("{FAE04EC0-301F-11D3-BF4B-00C04F79EFBC}") = "Test-1.1", "..\NHibernate.Mapping.Attributes.Test\NHibernate.Mapping.Attributes.Test-1.1.csproj", "{A6585067-79C1-41A9-A006-A83C3A800B21}"
	ProjectSection(ProjectDependencies) = postProject
	EndProjectSection
EndProject
Global
	GlobalSection(SolutionConfiguration) = preSolution
		Debug = Debug
		Release = Release
	EndGlobalSection
	GlobalSection(ProjectConfiguration) = postSolution
		{22CADD56-EF07-4040-A171-BC5A3AB896FD}.Debug.ActiveCfg = Debug|.NET
		{22CADD56-EF07-4040-A171-BC5A3AB896FD}.Debug.Build.0 = Debug|.NET
		{22CADD56-EF07-4040-A171-BC5A3AB896FD}.Release.ActiveCfg = Release|.NET
		{22CADD56-EF07-4040-A171-BC5A3AB896FD}.Release.Build.0 = Release|.NET
		{53086B22-3A6C-4017-ADB7-F22BF49FFF58}.Debug.ActiveCfg = Debug|.NET
		{53086B22-3A6C-4017-ADB7-F22BF49FFF58}.Debug.Build.0 = Debug|.NET
		{53086B22-3A6C-4017-ADB7-F22BF49FFF58}.Release.ActiveCfg = Release|.NET
		{53086B22-3A6C-4017-ADB7-F22BF49FFF58}.Release.Build.0 = Release|.NET
		{AE0F3023-0ED6-45BE-8995-8C3B2E585A20}.Debug.ActiveCfg = Debug|.NET
		{AE0F3023-0ED6-45BE-8995-8C3B2E585A20}.Debug.Build.0 = Debug|.NET
		{AE0F3023-0ED6-45BE-8995-8C3B2E585A20}.Release.ActiveCfg = Release|.NET
		{AE0F3023-0ED6-45BE-8995-8C3B2E585A20}.Release.Build.0 = Release|.NET
		{A6585067-79C1-41A9-A006-A83C3A800B21}.Debug.ActiveCfg = Debug|.NET
		{A6585067-79C1-41A9-A006-A83C3A800B21}.Debug.Build.0 = Debug|.NET
		{A6585067-79C1-41A9-A006-A83C3A800B21}.Release.ActiveCfg = Release|.NET
		{A6585067-79C1-41A9-A006-A83C3A800B21}.Release.Build.0 = Release|.NET
	EndGlobalSection
	GlobalSection(ExtensibilityGlobals) = postSolution
	EndGlobalSection
	GlobalSection(ExtensibilityAddIns) = postSolution
	EndGlobalSection
EndGlobal
