
Microsoft Visual Studio Solution File, Format Version 9.00
# Visual Studio 2005
Project("{FAE04EC0-301F-11D3-BF4B-00C04F79EFBC}") = "NHibernate.Shards", "NHibernate.Shards\NHibernate.Shards.csproj", "{9DEF9516-EB32-479D-99BF-FE8175956112}"
	ProjectSection(WebsiteProperties) = preProject
		Debug.AspNetCompiler.Debug = "True"
		Release.AspNetCompiler.Debug = "False"
	EndProjectSection
EndProject
Project("{FAE04EC0-301F-11D3-BF4B-00C04F79EFBC}") = "NHibernate.Shards.Test", "NHibernate.Shards.Test\NHibernate.Shards.Test.csproj", "{186131D7-16AB-4E44-9279-C1B70B4178B7}"
	ProjectSection(WebsiteProperties) = preProject
		Debug.AspNetCompiler.Debug = "True"
		Release.AspNetCompiler.Debug = "False"
	EndProjectSection
EndProject
Global
	GlobalSection(SolutionConfigurationPlatforms) = preSolution
		Debug|Any CPU = Debug|Any CPU
		Release|Any CPU = Release|Any CPU
	EndGlobalSection
	GlobalSection(ProjectConfigurationPlatforms) = postSolution
		{9DEF9516-EB32-479D-99BF-FE8175956112}.Debug|Any CPU.ActiveCfg = Debug|Any CPU
		{9DEF9516-EB32-479D-99BF-FE8175956112}.Debug|Any CPU.Build.0 = Debug|Any CPU
		{9DEF9516-EB32-479D-99BF-FE8175956112}.Release|Any CPU.ActiveCfg = Release|Any CPU
		{9DEF9516-EB32-479D-99BF-FE8175956112}.Release|Any CPU.Build.0 = Release|Any CPU
		{186131D7-16AB-4E44-9279-C1B70B4178B7}.Debug|Any CPU.ActiveCfg = Debug|Any CPU
		{186131D7-16AB-4E44-9279-C1B70B4178B7}.Debug|Any CPU.Build.0 = Debug|Any CPU
		{186131D7-16AB-4E44-9279-C1B70B4178B7}.Release|Any CPU.ActiveCfg = Release|Any CPU
		{186131D7-16AB-4E44-9279-C1B70B4178B7}.Release|Any CPU.Build.0 = Release|Any CPU
	EndGlobalSection
	GlobalSection(SolutionProperties) = preSolution
		HideSolutionNode = FALSE
	EndGlobalSection
EndGlobal
