
Microsoft Visual Studio Solution File, Format Version 9.00
# Visual Studio 2005
Project("{FAE04EC0-301F-11D3-BF4B-00C04F79EFBC}") = "NHibernate.Validator", "NHibernate.Validator\NHibernate.Validator.csproj", "{599516E0-E10D-4F44-B5E1-B7B67EFC931A}"
	ProjectSection(WebsiteProperties) = preProject
		Debug.AspNetCompiler.Debug = "True"
		Release.AspNetCompiler.Debug = "False"
	EndProjectSection
EndProject
Project("{FAE04EC0-301F-11D3-BF4B-00C04F79EFBC}") = "NHibernate.Validator.Tests", "NHibernate.Validator.Tests\NHibernate.Validator.Tests.csproj", "{3B96A3A6-685A-43CF-B746-4F2EB69D2D49}"
	ProjectSection(WebsiteProperties) = preProject
		Debug.AspNetCompiler.Debug = "True"
		Release.AspNetCompiler.Debug = "False"
	EndProjectSection
EndProject
Global
	GlobalSection(SolutionConfigurationPlatforms) = preSolution
		Debug|Any CPU = Debug|Any CPU
		Release|Any CPU = Release|Any CPU
	EndGlobalSection
	GlobalSection(ProjectConfigurationPlatforms) = postSolution
		{599516E0-E10D-4F44-B5E1-B7B67EFC931A}.Debug|Any CPU.ActiveCfg = Debug|Any CPU
		{599516E0-E10D-4F44-B5E1-B7B67EFC931A}.Debug|Any CPU.Build.0 = Debug|Any CPU
		{599516E0-E10D-4F44-B5E1-B7B67EFC931A}.Release|Any CPU.ActiveCfg = Release|Any CPU
		{599516E0-E10D-4F44-B5E1-B7B67EFC931A}.Release|Any CPU.Build.0 = Release|Any CPU
		{3B96A3A6-685A-43CF-B746-4F2EB69D2D49}.Debug|Any CPU.ActiveCfg = Debug|Any CPU
		{3B96A3A6-685A-43CF-B746-4F2EB69D2D49}.Debug|Any CPU.Build.0 = Debug|Any CPU
		{3B96A3A6-685A-43CF-B746-4F2EB69D2D49}.Release|Any CPU.ActiveCfg = Release|Any CPU
		{3B96A3A6-685A-43CF-B746-4F2EB69D2D49}.Release|Any CPU.Build.0 = Release|Any CPU
	EndGlobalSection
	GlobalSection(SolutionProperties) = preSolution
		HideSolutionNode = FALSE
	EndGlobalSection
EndGlobal
