
Microsoft Visual Studio Solution File, Format Version 9.00
# Visual Studio 2005
Project("{FAE04EC0-301F-11D3-BF4B-00C04F79EFBC}") = "NHibernate.Search.Tests", "..\NHibernate.Search.Tests\NHibernate.Search.Tests.csproj", "{71560152-A693-4F66-99CF-570685A33169}"
EndProject
Project("{FAE04EC0-301F-11D3-BF4B-00C04F79EFBC}") = "NHibernate.Search", "NHibernate.Search.csproj", "{CC25D767-990D-4CE0-9F64-3426E244403B}"
EndProject
Project("{FAE04EC0-301F-11D3-BF4B-00C04F79EFBC}") = "NHibernate-2.0", "..\NHibernate\NHibernate-2.0.csproj", "{5909BFE7-93CF-4E5F-BE22-6293368AF01D}"
EndProject
Project("{FAE04EC0-301F-11D3-BF4B-00C04F79EFBC}") = "NHibernate.Test-2.0", "..\NHibernate.Test\NHibernate.Test-2.0.csproj", "{7AEE5B37-C552-4E59-9B6F-88755BCB5070}"
EndProject
Global
	GlobalSection(SolutionConfigurationPlatforms) = preSolution
		Debug|Any CPU = Debug|Any CPU
		Release|Any CPU = Release|Any CPU
	EndGlobalSection
	GlobalSection(ProjectConfigurationPlatforms) = postSolution
		{71560152-A693-4F66-99CF-570685A33169}.Debug|Any CPU.ActiveCfg = Debug|Any CPU
		{71560152-A693-4F66-99CF-570685A33169}.Debug|Any CPU.Build.0 = Debug|Any CPU
		{71560152-A693-4F66-99CF-570685A33169}.Release|Any CPU.ActiveCfg = Release|Any CPU
		{71560152-A693-4F66-99CF-570685A33169}.Release|Any CPU.Build.0 = Release|Any CPU
		{CC25D767-990D-4CE0-9F64-3426E244403B}.Debug|Any CPU.ActiveCfg = Debug|Any CPU
		{CC25D767-990D-4CE0-9F64-3426E244403B}.Debug|Any CPU.Build.0 = Debug|Any CPU
		{CC25D767-990D-4CE0-9F64-3426E244403B}.Release|Any CPU.ActiveCfg = Release|Any CPU
		{CC25D767-990D-4CE0-9F64-3426E244403B}.Release|Any CPU.Build.0 = Release|Any CPU
		{5909BFE7-93CF-4E5F-BE22-6293368AF01D}.Debug|Any CPU.ActiveCfg = Debug|Any CPU
		{5909BFE7-93CF-4E5F-BE22-6293368AF01D}.Debug|Any CPU.Build.0 = Debug|Any CPU
		{5909BFE7-93CF-4E5F-BE22-6293368AF01D}.Release|Any CPU.ActiveCfg = Release|Any CPU
		{5909BFE7-93CF-4E5F-BE22-6293368AF01D}.Release|Any CPU.Build.0 = Release|Any CPU
		{7AEE5B37-C552-4E59-9B6F-88755BCB5070}.Debug|Any CPU.ActiveCfg = Debug|Any CPU
		{7AEE5B37-C552-4E59-9B6F-88755BCB5070}.Debug|Any CPU.Build.0 = Debug|Any CPU
		{7AEE5B37-C552-4E59-9B6F-88755BCB5070}.Release|Any CPU.ActiveCfg = Release|Any CPU
		{7AEE5B37-C552-4E59-9B6F-88755BCB5070}.Release|Any CPU.Build.0 = Release|Any CPU
	EndGlobalSection
	GlobalSection(SolutionProperties) = preSolution
		HideSolutionNode = FALSE
	EndGlobalSection
EndGlobal
