Microsoft Visual Studio Solution File, Format Version 12.00
# Visual Studio 15
VisualStudioVersion = 15.0.26228.9
MinimumVisualStudioVersion = 10.0.40219.1
Project("{2150E333-8FDC-42A3-9474-1A3956D46DE8}") = "Solution Items", "Solution Items", "{593DCEA7-C933-46F3-939F-D8172399AB05}"
	ProjectSection(SolutionItems) = preProject
		..\default.build = ..\default.build
		..\releasenotes.txt = ..\releasenotes.txt
		..\teamcity.build = ..\teamcity.build
	EndProjectSection
EndProject
Project("{9A19103F-16F7-4668-BE54-9A1E7A4F7556}") = "NHibernate.TestDatabaseSetup", "NHibernate.TestDatabaseSetup\NHibernate.TestDatabaseSetup.csproj", "{BEEC1564-6FB6-49F7-BBE5-8EBD2F0F6E8A}"
EndProject
Project("{9A19103F-16F7-4668-BE54-9A1E7A4F7556}") = "NHibernate", "NHibernate\NHibernate.csproj", "{D39E4139-6011-4DB2-837E-20C9BE221B9C}"
EndProject
Project("{F184B08F-C81C-45F6-A57F-5ABD9991F28F}") = "NHibernate.Test.VisualBasic", "NHibernate.Test.VisualBasic\NHibernate.Test.VisualBasic.vbproj", "{F43B3253-9011-4DAE-8777-BA0D8DA850A6}"
EndProject
Project("{FAE04EC0-301F-11D3-BF4B-00C04F79EFBC}") = "NHibernate.DomainModel", "NHibernate.DomainModel\NHibernate.DomainModel.csproj", "{7ABB1237-3251-41E3-92D0-9937D3734E40}"
EndProject
Project("{FAE04EC0-301F-11D3-BF4B-00C04F79EFBC}") = "NHibernate.Test", "NHibernate.Test\NHibernate.Test.csproj", "{1B7E9512-5B0F-45BE-82AD-5EBDA404BDE3}"
EndProject
Global
	GlobalSection(SolutionConfigurationPlatforms) = preSolution
		Debug|Any CPU = Debug|Any CPU
		Debug|x64 = Debug|x64
		Debug|x86 = Debug|x86
		Debug-nofeatures|Any CPU = Debug-nofeatures|Any CPU
		Debug-nofeatures|x64 = Debug-nofeatures|x64
		Debug-nofeatures|x86 = Debug-nofeatures|x86
		Release|Any CPU = Release|Any CPU
		Release|x64 = Release|x64
		Release|x86 = Release|x86
	EndGlobalSection
	GlobalSection(ProjectConfigurationPlatforms) = postSolution
		{BEEC1564-6FB6-49F7-BBE5-8EBD2F0F6E8A}.Debug|Any CPU.ActiveCfg = Debug|Any CPU
		{BEEC1564-6FB6-49F7-BBE5-8EBD2F0F6E8A}.Debug|Any CPU.Build.0 = Debug|Any CPU
		{BEEC1564-6FB6-49F7-BBE5-8EBD2F0F6E8A}.Debug|x64.ActiveCfg = Debug|Any CPU
		{BEEC1564-6FB6-49F7-BBE5-8EBD2F0F6E8A}.Debug|x86.ActiveCfg = Debug|Any CPU
		{BEEC1564-6FB6-49F7-BBE5-8EBD2F0F6E8A}.Debug-nofeatures|Any CPU.ActiveCfg = Debug|Any CPU
		{BEEC1564-6FB6-49F7-BBE5-8EBD2F0F6E8A}.Debug-nofeatures|Any CPU.Build.0 = Debug|Any CPU
		{BEEC1564-6FB6-49F7-BBE5-8EBD2F0F6E8A}.Debug-nofeatures|x64.ActiveCfg = Debug|Any CPU
		{BEEC1564-6FB6-49F7-BBE5-8EBD2F0F6E8A}.Debug-nofeatures|x86.ActiveCfg = Debug|Any CPU
		{BEEC1564-6FB6-49F7-BBE5-8EBD2F0F6E8A}.Release|Any CPU.ActiveCfg = Release|Any CPU
		{BEEC1564-6FB6-49F7-BBE5-8EBD2F0F6E8A}.Release|Any CPU.Build.0 = Release|Any CPU
		{BEEC1564-6FB6-49F7-BBE5-8EBD2F0F6E8A}.Release|x64.ActiveCfg = Release|Any CPU
		{BEEC1564-6FB6-49F7-BBE5-8EBD2F0F6E8A}.Release|x86.ActiveCfg = Release|Any CPU
		{D39E4139-6011-4DB2-837E-20C9BE221B9C}.Debug|Any CPU.ActiveCfg = Debug|Any CPU
		{D39E4139-6011-4DB2-837E-20C9BE221B9C}.Debug|Any CPU.Build.0 = Debug|Any CPU
		{D39E4139-6011-4DB2-837E-20C9BE221B9C}.Debug|x64.ActiveCfg = Debug|Any CPU
		{D39E4139-6011-4DB2-837E-20C9BE221B9C}.Debug|x64.Build.0 = Debug|Any CPU
		{D39E4139-6011-4DB2-837E-20C9BE221B9C}.Debug|x86.ActiveCfg = Debug|Any CPU
		{D39E4139-6011-4DB2-837E-20C9BE221B9C}.Debug|x86.Build.0 = Debug|Any CPU
		{D39E4139-6011-4DB2-837E-20C9BE221B9C}.Debug-nofeatures|Any CPU.ActiveCfg = Debug|Any CPU
		{D39E4139-6011-4DB2-837E-20C9BE221B9C}.Debug-nofeatures|x64.ActiveCfg = Debug|Any CPU
		{D39E4139-6011-4DB2-837E-20C9BE221B9C}.Debug-nofeatures|x64.Build.0 = Debug|Any CPU
		{D39E4139-6011-4DB2-837E-20C9BE221B9C}.Debug-nofeatures|x86.ActiveCfg = Debug|Any CPU
		{D39E4139-6011-4DB2-837E-20C9BE221B9C}.Debug-nofeatures|x86.Build.0 = Debug|Any CPU
		{D39E4139-6011-4DB2-837E-20C9BE221B9C}.Release|Any CPU.ActiveCfg = Release|Any CPU
		{D39E4139-6011-4DB2-837E-20C9BE221B9C}.Release|Any CPU.Build.0 = Release|Any CPU
		{D39E4139-6011-4DB2-837E-20C9BE221B9C}.Release|x64.ActiveCfg = Release|Any CPU
		{D39E4139-6011-4DB2-837E-20C9BE221B9C}.Release|x64.Build.0 = Release|Any CPU
		{D39E4139-6011-4DB2-837E-20C9BE221B9C}.Release|x86.ActiveCfg = Release|Any CPU
		{D39E4139-6011-4DB2-837E-20C9BE221B9C}.Release|x86.Build.0 = Release|Any CPU
		{F43B3253-9011-4DAE-8777-BA0D8DA850A6}.Debug|Any CPU.ActiveCfg = Debug|Any CPU
		{F43B3253-9011-4DAE-8777-BA0D8DA850A6}.Debug|Any CPU.Build.0 = Debug|Any CPU
		{F43B3253-9011-4DAE-8777-BA0D8DA850A6}.Debug|x64.ActiveCfg = Debug|Any CPU
		{F43B3253-9011-4DAE-8777-BA0D8DA850A6}.Debug|x64.Build.0 = Debug|Any CPU
		{F43B3253-9011-4DAE-8777-BA0D8DA850A6}.Debug|x86.ActiveCfg = Debug|Any CPU
		{F43B3253-9011-4DAE-8777-BA0D8DA850A6}.Debug|x86.Build.0 = Debug|Any CPU
		{F43B3253-9011-4DAE-8777-BA0D8DA850A6}.Debug-nofeatures|Any CPU.ActiveCfg = Debug|Any CPU
		{F43B3253-9011-4DAE-8777-BA0D8DA850A6}.Debug-nofeatures|Any CPU.Build.0 = Debug|Any CPU
		{F43B3253-9011-4DAE-8777-BA0D8DA850A6}.Debug-nofeatures|x64.ActiveCfg = Debug|Any CPU
		{F43B3253-9011-4DAE-8777-BA0D8DA850A6}.Debug-nofeatures|x64.Build.0 = Debug|Any CPU
		{F43B3253-9011-4DAE-8777-BA0D8DA850A6}.Debug-nofeatures|x86.ActiveCfg = Debug|Any CPU
		{F43B3253-9011-4DAE-8777-BA0D8DA850A6}.Debug-nofeatures|x86.Build.0 = Debug|Any CPU
		{F43B3253-9011-4DAE-8777-BA0D8DA850A6}.Release|Any CPU.ActiveCfg = Release|Any CPU
		{F43B3253-9011-4DAE-8777-BA0D8DA850A6}.Release|Any CPU.Build.0 = Release|Any CPU
		{F43B3253-9011-4DAE-8777-BA0D8DA850A6}.Release|x64.ActiveCfg = Release|Any CPU
		{F43B3253-9011-4DAE-8777-BA0D8DA850A6}.Release|x64.Build.0 = Release|Any CPU
		{F43B3253-9011-4DAE-8777-BA0D8DA850A6}.Release|x86.ActiveCfg = Release|Any CPU
		{F43B3253-9011-4DAE-8777-BA0D8DA850A6}.Release|x86.Build.0 = Release|Any CPU
		{7ABB1237-3251-41E3-92D0-9937D3734E40}.Debug|Any CPU.ActiveCfg = Debug|Any CPU
		{7ABB1237-3251-41E3-92D0-9937D3734E40}.Debug|Any CPU.Build.0 = Debug|Any CPU
		{7ABB1237-3251-41E3-92D0-9937D3734E40}.Debug|x64.ActiveCfg = Debug|Any CPU
		{7ABB1237-3251-41E3-92D0-9937D3734E40}.Debug|x64.Build.0 = Debug|Any CPU
		{7ABB1237-3251-41E3-92D0-9937D3734E40}.Debug|x86.ActiveCfg = Debug|Any CPU
		{7ABB1237-3251-41E3-92D0-9937D3734E40}.Debug|x86.Build.0 = Debug|Any CPU
		{7ABB1237-3251-41E3-92D0-9937D3734E40}.Debug-nofeatures|Any CPU.ActiveCfg = Debug|Any CPU
		{7ABB1237-3251-41E3-92D0-9937D3734E40}.Debug-nofeatures|Any CPU.Build.0 = Debug|Any CPU
		{7ABB1237-3251-41E3-92D0-9937D3734E40}.Debug-nofeatures|x64.ActiveCfg = Debug|Any CPU
		{7ABB1237-3251-41E3-92D0-9937D3734E40}.Debug-nofeatures|x64.Build.0 = Debug|Any CPU
		{7ABB1237-3251-41E3-92D0-9937D3734E40}.Debug-nofeatures|x86.ActiveCfg = Debug|Any CPU
		{7ABB1237-3251-41E3-92D0-9937D3734E40}.Debug-nofeatures|x86.Build.0 = Debug|Any CPU
		{7ABB1237-3251-41E3-92D0-9937D3734E40}.Release|Any CPU.ActiveCfg = Release|Any CPU
		{7ABB1237-3251-41E3-92D0-9937D3734E40}.Release|Any CPU.Build.0 = Release|Any CPU
		{7ABB1237-3251-41E3-92D0-9937D3734E40}.Release|x64.ActiveCfg = Release|Any CPU
		{7ABB1237-3251-41E3-92D0-9937D3734E40}.Release|x64.Build.0 = Release|Any CPU
		{7ABB1237-3251-41E3-92D0-9937D3734E40}.Release|x86.ActiveCfg = Release|Any CPU
		{7ABB1237-3251-41E3-92D0-9937D3734E40}.Release|x86.Build.0 = Release|Any CPU
		{1B7E9512-5B0F-45BE-82AD-5EBDA404BDE3}.Debug|Any CPU.ActiveCfg = Debug|Any CPU
		{1B7E9512-5B0F-45BE-82AD-5EBDA404BDE3}.Debug|Any CPU.Build.0 = Debug|Any CPU
		{1B7E9512-5B0F-45BE-82AD-5EBDA404BDE3}.Debug|x64.ActiveCfg = Debug|Any CPU
		{1B7E9512-5B0F-45BE-82AD-5EBDA404BDE3}.Debug|x64.Build.0 = Debug|Any CPU
		{1B7E9512-5B0F-45BE-82AD-5EBDA404BDE3}.Debug|x86.ActiveCfg = Debug|Any CPU
		{1B7E9512-5B0F-45BE-82AD-5EBDA404BDE3}.Debug|x86.Build.0 = Debug|Any CPU
		{1B7E9512-5B0F-45BE-82AD-5EBDA404BDE3}.Debug-nofeatures|Any CPU.ActiveCfg = Debug|Any CPU
		{1B7E9512-5B0F-45BE-82AD-5EBDA404BDE3}.Debug-nofeatures|Any CPU.Build.0 = Debug|Any CPU
		{1B7E9512-5B0F-45BE-82AD-5EBDA404BDE3}.Debug-nofeatures|x64.ActiveCfg = Debug|Any CPU
		{1B7E9512-5B0F-45BE-82AD-5EBDA404BDE3}.Debug-nofeatures|x64.Build.0 = Debug|Any CPU
		{1B7E9512-5B0F-45BE-82AD-5EBDA404BDE3}.Debug-nofeatures|x86.ActiveCfg = Debug|Any CPU
		{1B7E9512-5B0F-45BE-82AD-5EBDA404BDE3}.Debug-nofeatures|x86.Build.0 = Debug|Any CPU
		{1B7E9512-5B0F-45BE-82AD-5EBDA404BDE3}.Release|Any CPU.ActiveCfg = Release|Any CPU
		{1B7E9512-5B0F-45BE-82AD-5EBDA404BDE3}.Release|Any CPU.Build.0 = Release|Any CPU
		{1B7E9512-5B0F-45BE-82AD-5EBDA404BDE3}.Release|x64.ActiveCfg = Release|Any CPU
		{1B7E9512-5B0F-45BE-82AD-5EBDA404BDE3}.Release|x64.Build.0 = Release|Any CPU
		{1B7E9512-5B0F-45BE-82AD-5EBDA404BDE3}.Release|x86.ActiveCfg = Release|Any CPU
		{1B7E9512-5B0F-45BE-82AD-5EBDA404BDE3}.Release|x86.Build.0 = Release|Any CPU
	EndGlobalSection
	GlobalSection(SolutionProperties) = preSolution
		HideSolutionNode = FALSE
	EndGlobalSection
	GlobalSection(TestCaseManagementSettings) = postSolution
		CategoryFile = NHibernate.vsmdi
	EndGlobalSection
EndGlobal
