
Microsoft Visual Studio Solution File, Format Version 12.00
# Visual Studio 15
VisualStudioVersion = 15.0.27004.2010
MinimumVisualStudioVersion = 10.0.40219.1
Project("{2150E333-8FDC-42A3-9474-1A3956D46DE8}") = "Support", "Support", "{9BDB5C84-14EC-4384-B423-9E319675B3CA}"
	ProjectSection(SolutionItems) = preProject
		..\build-common\NHibernate.props = ..\build-common\NHibernate.props
	EndProjectSection
	ProjectSection(FolderStartupServices) = postProject
		{B4F97281-0DBD-4835-9ED8-7DFB966E87FF} = {B4F97281-0DBD-4835-9ED8-7DFB966E87FF}
	EndProjectSection
EndProject
Project("{2150E333-8FDC-42A3-9474-1A3956D46DE8}") = "Core", "Core", "{094F74CD-2DD7-496F-BC48-A6D357BF33FD}"
	ProjectSection(FolderStartupServices) = postProject
		{B4F97281-0DBD-4835-9ED8-7DFB966E87FF} = {B4F97281-0DBD-4835-9ED8-7DFB966E87FF}
	EndProjectSection
EndProject
Project("{2150E333-8FDC-42A3-9474-1A3956D46DE8}") = "Tools", "Tools", "{92509065-DAEA-4457-8300-C7B64CD0E9F4}"
	ProjectSection(FolderStartupServices) = postProject
		{B4F97281-0DBD-4835-9ED8-7DFB966E87FF} = {B4F97281-0DBD-4835-9ED8-7DFB966E87FF}
	EndProjectSection
EndProject
Project("{2150E333-8FDC-42A3-9474-1A3956D46DE8}") = "Projects", "Projects", "{28EA2C84-8295-49ED-BC67-803B7778513E}"
	ProjectSection(FolderStartupServices) = postProject
		{B4F97281-0DBD-4835-9ED8-7DFB966E87FF} = {B4F97281-0DBD-4835-9ED8-7DFB966E87FF}
	EndProjectSection
EndProject
Project("{2150E333-8FDC-42A3-9474-1A3956D46DE8}") = "NAnt Build", "NAnt Build", "{4CE16C2F-EFF6-48A4-99BC-8984DCC143FA}"
	ProjectSection(SolutionItems) = preProject
		..\build-common\common-project.xml = ..\build-common\common-project.xml
		..\build-common\common.xml = ..\build-common\common.xml
		..\default.build = ..\default.build
	EndProjectSection
	ProjectSection(FolderStartupServices) = postProject
		{B4F97281-0DBD-4835-9ED8-7DFB966E87FF} = {B4F97281-0DBD-4835-9ED8-7DFB966E87FF}
	EndProjectSection
EndProject
Project("{2150E333-8FDC-42A3-9474-1A3956D46DE8}") = "Information", "Information", "{1631B0BA-59AC-4F0D-B300-3F64CC7579C9}"
	ProjectSection(SolutionItems) = preProject
		..\LICENSE.txt = ..\LICENSE.txt
		..\README.md = ..\README.md
		..\releasenotes.txt = ..\releasenotes.txt
		..\sample build commands.txt = ..\sample build commands.txt
		..\ShowBuildMenu.bat = ..\ShowBuildMenu.bat
	EndProjectSection
	ProjectSection(FolderStartupServices) = postProject
		{B4F97281-0DBD-4835-9ED8-7DFB966E87FF} = {B4F97281-0DBD-4835-9ED8-7DFB966E87FF}
	EndProjectSection
EndProject
Project("{2150E333-8FDC-42A3-9474-1A3956D46DE8}") = "Configuration Templates", "Configuration Templates", "{936E50BD-4027-4864-ADE9-423C3FBF7FFB}"
	ProjectSection(SolutionItems) = preProject
		NHibernate.Config.Templates\FireBird.cfg.xml = NHibernate.Config.Templates\FireBird.cfg.xml
		NHibernate.Config.Templates\MSSQL.cfg.xml = NHibernate.Config.Templates\MSSQL.cfg.xml
		NHibernate.Config.Templates\MySql.cfg.xml = NHibernate.Config.Templates\MySql.cfg.xml
		NHibernate.Config.Templates\Oracle.cfg.xml = NHibernate.Config.Templates\Oracle.cfg.xml
		NHibernate.Config.Templates\PostgreSQL.cfg.xml = NHibernate.Config.Templates\PostgreSQL.cfg.xml
		NHibernate.Config.Templates\SQLite.cfg.xml = NHibernate.Config.Templates\SQLite.cfg.xml
	EndProjectSection
	ProjectSection(FolderStartupServices) = postProject
		{B4F97281-0DBD-4835-9ED8-7DFB966E87FF} = {B4F97281-0DBD-4835-9ED8-7DFB966E87FF}
	EndProjectSection
EndProject
Project("{9A19103F-16F7-4668-BE54-9A1E7A4F7556}") = "NHibernate", "NHibernate\NHibernate.csproj", "{5909BFE7-93CF-4E5F-BE22-6293368AF01D}"
EndProject
Project("{9A19103F-16F7-4668-BE54-9A1E7A4F7556}") = "NHibernate.DomainModel", "NHibernate.DomainModel\NHibernate.DomainModel.csproj", "{5C649B55-1B3F-4C38-9998-1B043E94A244}"
EndProject
Project("{9A19103F-16F7-4668-BE54-9A1E7A4F7556}") = "NHibernate.Test", "NHibernate.Test\NHibernate.Test.csproj", "{7AEE5B37-C552-4E59-9B6F-88755BCB5070}"
EndProject
Project("{9A19103F-16F7-4668-BE54-9A1E7A4F7556}") = "NHibernate.Tool.HbmXsd", "NHibernate.Tool.HbmXsd\NHibernate.Tool.HbmXsd.csproj", "{446E148D-A9D5-4D7D-A706-BEDD45B2BC7D}"
EndProject
Project("{778DAE3C-4631-46EA-AA77-85C1314464D9}") = "NHibernate.Test.VisualBasic", "NHibernate.Test.VisualBasic\NHibernate.Test.VisualBasic.vbproj", "{7C2EF610-BCA0-4D1F-898A-DE9908E4970C}"
EndProject
Project("{2150E333-8FDC-42A3-9474-1A3956D46DE8}") = "Drivers", "Drivers", "{A47739AF-6D04-45AA-B688-4E39CDE48FFD}"
EndProject
Project("{9A19103F-16F7-4668-BE54-9A1E7A4F7556}") = "NHibernate.Driver.Firebird", "NHibernate.Driver.Firebird\NHibernate.Driver.Firebird.csproj", "{DADD54C1-3679-4672-9774-9362428EB9E0}"
EndProject
Project("{9A19103F-16F7-4668-BE54-9A1E7A4F7556}") = "NHibernate.Driver.MySql", "NHibernate.Driver.MySql\NHibernate.Driver.MySql.csproj", "{4F5F0C13-F302-4CEE-B60E-A55D7C30E3F8}"
EndProject
Project("{9A19103F-16F7-4668-BE54-9A1E7A4F7556}") = "NHibernate.Driver.PostgreSql", "NHibernate.Driver.PostgreSql\NHibernate.Driver.PostgreSql.csproj", "{C7C835DC-0A59-4227-9C3C-0AF0633CD68C}"
EndProject
Project("{9A19103F-16F7-4668-BE54-9A1E7A4F7556}") = "NHibernate.Driver.Oracle.Managed", "NHibernate.Driver.Oracle.Managed\NHibernate.Driver.Oracle.Managed.csproj", "{22409381-1808-4F0A-9C42-9FAA6B3BCFA2}"
EndProject
Project("{9A19103F-16F7-4668-BE54-9A1E7A4F7556}") = "NHibernate.Driver.SQLite", "NHibernate.Driver.SQLite\NHibernate.Driver.SQLite.csproj", "{99FE5A5C-F732-40A3-BEE6-ED5ADC393862}"
EndProject
Project("{9A19103F-16F7-4668-BE54-9A1E7A4F7556}") = "NHibernate.Driver.SqlServer", "NHibernate.Driver.SqlServer\NHibernate.Driver.SqlServer.csproj", "{CF9FEEC5-3403-4F3F-9E4F-F0BAFE95DE39}"
EndProject
Project("{9A19103F-16F7-4668-BE54-9A1E7A4F7556}") = "NHibernate.Driver.SqlServer.Compact", "NHibernate.Driver.SqlServer.Compact\NHibernate.Driver.SqlServer.Compact.csproj", "{11B3C504-D501-4766-AC36-0CF1A813815B}"
EndProject
Project("{9A19103F-16F7-4668-BE54-9A1E7A4F7556}") = "NHibernate.Example.Web", "NHibernate.Example.Web\NHibernate.Example.Web.csproj", "{B291C1C1-599B-418E-8591-8A8CF1CAA188}"
EndProject
Project("{9A19103F-16F7-4668-BE54-9A1E7A4F7556}") = "NHibernate.TestDatabaseSetup", "NHibernate.TestDatabaseSetup\NHibernate.TestDatabaseSetup.csproj", "{783DB85E-2EED-4377-8EF4-8D6EFE042007}"
EndProject
Global
	GlobalSection(SolutionConfigurationPlatforms) = preSolution
		Debug|.NET = Debug|.NET
		Debug|Any CPU = Debug|Any CPU
		Debug|Mixed Platforms = Debug|Mixed Platforms
		Release|.NET = Release|.NET
		Release|Any CPU = Release|Any CPU
		Release|Mixed Platforms = Release|Mixed Platforms
	EndGlobalSection
	GlobalSection(ProjectConfigurationPlatforms) = postSolution
		{5909BFE7-93CF-4E5F-BE22-6293368AF01D}.Debug|.NET.ActiveCfg = Debug|Any CPU
		{5909BFE7-93CF-4E5F-BE22-6293368AF01D}.Debug|Any CPU.ActiveCfg = Debug|Any CPU
		{5909BFE7-93CF-4E5F-BE22-6293368AF01D}.Debug|Any CPU.Build.0 = Debug|Any CPU
		{5909BFE7-93CF-4E5F-BE22-6293368AF01D}.Debug|Mixed Platforms.ActiveCfg = Debug|Any CPU
		{5909BFE7-93CF-4E5F-BE22-6293368AF01D}.Debug|Mixed Platforms.Build.0 = Debug|Any CPU
		{5909BFE7-93CF-4E5F-BE22-6293368AF01D}.Release|.NET.ActiveCfg = Release|Any CPU
		{5909BFE7-93CF-4E5F-BE22-6293368AF01D}.Release|Any CPU.ActiveCfg = Release|Any CPU
		{5909BFE7-93CF-4E5F-BE22-6293368AF01D}.Release|Any CPU.Build.0 = Release|Any CPU
		{5909BFE7-93CF-4E5F-BE22-6293368AF01D}.Release|Mixed Platforms.ActiveCfg = Release|Any CPU
		{5909BFE7-93CF-4E5F-BE22-6293368AF01D}.Release|Mixed Platforms.Build.0 = Release|Any CPU
		{5C649B55-1B3F-4C38-9998-1B043E94A244}.Debug|.NET.ActiveCfg = Debug|Any CPU
		{5C649B55-1B3F-4C38-9998-1B043E94A244}.Debug|Any CPU.ActiveCfg = Debug|Any CPU
		{5C649B55-1B3F-4C38-9998-1B043E94A244}.Debug|Any CPU.Build.0 = Debug|Any CPU
		{5C649B55-1B3F-4C38-9998-1B043E94A244}.Debug|Mixed Platforms.ActiveCfg = Debug|Any CPU
		{5C649B55-1B3F-4C38-9998-1B043E94A244}.Debug|Mixed Platforms.Build.0 = Debug|Any CPU
		{5C649B55-1B3F-4C38-9998-1B043E94A244}.Release|.NET.ActiveCfg = Release|Any CPU
		{5C649B55-1B3F-4C38-9998-1B043E94A244}.Release|Any CPU.ActiveCfg = Release|Any CPU
		{5C649B55-1B3F-4C38-9998-1B043E94A244}.Release|Any CPU.Build.0 = Release|Any CPU
		{5C649B55-1B3F-4C38-9998-1B043E94A244}.Release|Mixed Platforms.ActiveCfg = Debug|Any CPU
		{5C649B55-1B3F-4C38-9998-1B043E94A244}.Release|Mixed Platforms.Build.0 = Debug|Any CPU
		{7AEE5B37-C552-4E59-9B6F-88755BCB5070}.Debug|.NET.ActiveCfg = Debug|Any CPU
		{7AEE5B37-C552-4E59-9B6F-88755BCB5070}.Debug|Any CPU.ActiveCfg = Debug|Any CPU
		{7AEE5B37-C552-4E59-9B6F-88755BCB5070}.Debug|Any CPU.Build.0 = Debug|Any CPU
		{7AEE5B37-C552-4E59-9B6F-88755BCB5070}.Debug|Mixed Platforms.ActiveCfg = Debug|Any CPU
		{7AEE5B37-C552-4E59-9B6F-88755BCB5070}.Debug|Mixed Platforms.Build.0 = Debug|Any CPU
		{7AEE5B37-C552-4E59-9B6F-88755BCB5070}.Release|.NET.ActiveCfg = Release|Any CPU
		{7AEE5B37-C552-4E59-9B6F-88755BCB5070}.Release|Any CPU.ActiveCfg = Release|Any CPU
		{7AEE5B37-C552-4E59-9B6F-88755BCB5070}.Release|Any CPU.Build.0 = Release|Any CPU
		{7AEE5B37-C552-4E59-9B6F-88755BCB5070}.Release|Mixed Platforms.ActiveCfg = Debug|Any CPU
		{7AEE5B37-C552-4E59-9B6F-88755BCB5070}.Release|Mixed Platforms.Build.0 = Debug|Any CPU
		{446E148D-A9D5-4D7D-A706-BEDD45B2BC7D}.Debug|.NET.ActiveCfg = Debug|Any CPU
		{446E148D-A9D5-4D7D-A706-BEDD45B2BC7D}.Debug|Any CPU.ActiveCfg = Debug|Any CPU
		{446E148D-A9D5-4D7D-A706-BEDD45B2BC7D}.Debug|Any CPU.Build.0 = Debug|Any CPU
		{446E148D-A9D5-4D7D-A706-BEDD45B2BC7D}.Debug|Mixed Platforms.ActiveCfg = Debug|Any CPU
		{446E148D-A9D5-4D7D-A706-BEDD45B2BC7D}.Debug|Mixed Platforms.Build.0 = Debug|Any CPU
		{446E148D-A9D5-4D7D-A706-BEDD45B2BC7D}.Release|.NET.ActiveCfg = Release|Any CPU
		{446E148D-A9D5-4D7D-A706-BEDD45B2BC7D}.Release|Any CPU.ActiveCfg = Release|Any CPU
		{446E148D-A9D5-4D7D-A706-BEDD45B2BC7D}.Release|Any CPU.Build.0 = Release|Any CPU
		{446E148D-A9D5-4D7D-A706-BEDD45B2BC7D}.Release|Mixed Platforms.ActiveCfg = Release|Any CPU
		{7C2EF610-BCA0-4D1F-898A-DE9908E4970C}.Debug|.NET.ActiveCfg = Debug|Any CPU
		{7C2EF610-BCA0-4D1F-898A-DE9908E4970C}.Debug|Any CPU.ActiveCfg = Debug|Any CPU
		{7C2EF610-BCA0-4D1F-898A-DE9908E4970C}.Debug|Any CPU.Build.0 = Debug|Any CPU
		{7C2EF610-BCA0-4D1F-898A-DE9908E4970C}.Debug|Mixed Platforms.ActiveCfg = Debug|Any CPU
		{7C2EF610-BCA0-4D1F-898A-DE9908E4970C}.Debug|Mixed Platforms.Build.0 = Debug|Any CPU
		{7C2EF610-BCA0-4D1F-898A-DE9908E4970C}.Release|.NET.ActiveCfg = Release|Any CPU
		{7C2EF610-BCA0-4D1F-898A-DE9908E4970C}.Release|Any CPU.ActiveCfg = Release|Any CPU
		{7C2EF610-BCA0-4D1F-898A-DE9908E4970C}.Release|Any CPU.Build.0 = Release|Any CPU
		{7C2EF610-BCA0-4D1F-898A-DE9908E4970C}.Release|Mixed Platforms.ActiveCfg = Release|Any CPU
		{7C2EF610-BCA0-4D1F-898A-DE9908E4970C}.Release|Mixed Platforms.Build.0 = Release|Any CPU
		{DADD54C1-3679-4672-9774-9362428EB9E0}.Debug|.NET.ActiveCfg = Debug|Any CPU
		{DADD54C1-3679-4672-9774-9362428EB9E0}.Debug|.NET.Build.0 = Debug|Any CPU
		{DADD54C1-3679-4672-9774-9362428EB9E0}.Debug|Any CPU.ActiveCfg = Debug|Any CPU
		{DADD54C1-3679-4672-9774-9362428EB9E0}.Debug|Any CPU.Build.0 = Debug|Any CPU
		{DADD54C1-3679-4672-9774-9362428EB9E0}.Debug|Mixed Platforms.ActiveCfg = Debug|Any CPU
		{DADD54C1-3679-4672-9774-9362428EB9E0}.Debug|Mixed Platforms.Build.0 = Debug|Any CPU
		{DADD54C1-3679-4672-9774-9362428EB9E0}.Release|.NET.ActiveCfg = Release|Any CPU
		{DADD54C1-3679-4672-9774-9362428EB9E0}.Release|.NET.Build.0 = Release|Any CPU
		{DADD54C1-3679-4672-9774-9362428EB9E0}.Release|Any CPU.ActiveCfg = Release|Any CPU
		{DADD54C1-3679-4672-9774-9362428EB9E0}.Release|Any CPU.Build.0 = Release|Any CPU
		{DADD54C1-3679-4672-9774-9362428EB9E0}.Release|Mixed Platforms.ActiveCfg = Release|Any CPU
		{DADD54C1-3679-4672-9774-9362428EB9E0}.Release|Mixed Platforms.Build.0 = Release|Any CPU
		{4F5F0C13-F302-4CEE-B60E-A55D7C30E3F8}.Debug|.NET.ActiveCfg = Debug|Any CPU
		{4F5F0C13-F302-4CEE-B60E-A55D7C30E3F8}.Debug|.NET.Build.0 = Debug|Any CPU
		{4F5F0C13-F302-4CEE-B60E-A55D7C30E3F8}.Debug|Any CPU.ActiveCfg = Debug|Any CPU
		{4F5F0C13-F302-4CEE-B60E-A55D7C30E3F8}.Debug|Any CPU.Build.0 = Debug|Any CPU
		{4F5F0C13-F302-4CEE-B60E-A55D7C30E3F8}.Debug|Mixed Platforms.ActiveCfg = Debug|Any CPU
		{4F5F0C13-F302-4CEE-B60E-A55D7C30E3F8}.Debug|Mixed Platforms.Build.0 = Debug|Any CPU
		{4F5F0C13-F302-4CEE-B60E-A55D7C30E3F8}.Release|.NET.ActiveCfg = Release|Any CPU
		{4F5F0C13-F302-4CEE-B60E-A55D7C30E3F8}.Release|.NET.Build.0 = Release|Any CPU
		{4F5F0C13-F302-4CEE-B60E-A55D7C30E3F8}.Release|Any CPU.ActiveCfg = Release|Any CPU
		{4F5F0C13-F302-4CEE-B60E-A55D7C30E3F8}.Release|Any CPU.Build.0 = Release|Any CPU
		{4F5F0C13-F302-4CEE-B60E-A55D7C30E3F8}.Release|Mixed Platforms.ActiveCfg = Release|Any CPU
		{4F5F0C13-F302-4CEE-B60E-A55D7C30E3F8}.Release|Mixed Platforms.Build.0 = Release|Any CPU
		{C7C835DC-0A59-4227-9C3C-0AF0633CD68C}.Debug|.NET.ActiveCfg = Debug|Any CPU
		{C7C835DC-0A59-4227-9C3C-0AF0633CD68C}.Debug|.NET.Build.0 = Debug|Any CPU
		{C7C835DC-0A59-4227-9C3C-0AF0633CD68C}.Debug|Any CPU.ActiveCfg = Debug|Any CPU
		{C7C835DC-0A59-4227-9C3C-0AF0633CD68C}.Debug|Any CPU.Build.0 = Debug|Any CPU
		{C7C835DC-0A59-4227-9C3C-0AF0633CD68C}.Debug|Mixed Platforms.ActiveCfg = Debug|Any CPU
		{C7C835DC-0A59-4227-9C3C-0AF0633CD68C}.Debug|Mixed Platforms.Build.0 = Debug|Any CPU
		{C7C835DC-0A59-4227-9C3C-0AF0633CD68C}.Release|.NET.ActiveCfg = Release|Any CPU
		{C7C835DC-0A59-4227-9C3C-0AF0633CD68C}.Release|.NET.Build.0 = Release|Any CPU
		{C7C835DC-0A59-4227-9C3C-0AF0633CD68C}.Release|Any CPU.ActiveCfg = Release|Any CPU
		{C7C835DC-0A59-4227-9C3C-0AF0633CD68C}.Release|Any CPU.Build.0 = Release|Any CPU
		{C7C835DC-0A59-4227-9C3C-0AF0633CD68C}.Release|Mixed Platforms.ActiveCfg = Release|Any CPU
		{C7C835DC-0A59-4227-9C3C-0AF0633CD68C}.Release|Mixed Platforms.Build.0 = Release|Any CPU
		{22409381-1808-4F0A-9C42-9FAA6B3BCFA2}.Debug|.NET.ActiveCfg = Debug|Any CPU
		{22409381-1808-4F0A-9C42-9FAA6B3BCFA2}.Debug|.NET.Build.0 = Debug|Any CPU
		{22409381-1808-4F0A-9C42-9FAA6B3BCFA2}.Debug|Any CPU.ActiveCfg = Debug|Any CPU
		{22409381-1808-4F0A-9C42-9FAA6B3BCFA2}.Debug|Any CPU.Build.0 = Debug|Any CPU
		{22409381-1808-4F0A-9C42-9FAA6B3BCFA2}.Debug|Mixed Platforms.ActiveCfg = Debug|Any CPU
		{22409381-1808-4F0A-9C42-9FAA6B3BCFA2}.Debug|Mixed Platforms.Build.0 = Debug|Any CPU
		{22409381-1808-4F0A-9C42-9FAA6B3BCFA2}.Release|.NET.ActiveCfg = Release|Any CPU
		{22409381-1808-4F0A-9C42-9FAA6B3BCFA2}.Release|.NET.Build.0 = Release|Any CPU
		{22409381-1808-4F0A-9C42-9FAA6B3BCFA2}.Release|Any CPU.ActiveCfg = Release|Any CPU
		{22409381-1808-4F0A-9C42-9FAA6B3BCFA2}.Release|Any CPU.Build.0 = Release|Any CPU
		{22409381-1808-4F0A-9C42-9FAA6B3BCFA2}.Release|Mixed Platforms.ActiveCfg = Release|Any CPU
		{22409381-1808-4F0A-9C42-9FAA6B3BCFA2}.Release|Mixed Platforms.Build.0 = Release|Any CPU
		{99FE5A5C-F732-40A3-BEE6-ED5ADC393862}.Debug|.NET.ActiveCfg = Debug|Any CPU
		{99FE5A5C-F732-40A3-BEE6-ED5ADC393862}.Debug|.NET.Build.0 = Debug|Any CPU
		{99FE5A5C-F732-40A3-BEE6-ED5ADC393862}.Debug|Any CPU.ActiveCfg = Debug|Any CPU
		{99FE5A5C-F732-40A3-BEE6-ED5ADC393862}.Debug|Any CPU.Build.0 = Debug|Any CPU
		{99FE5A5C-F732-40A3-BEE6-ED5ADC393862}.Debug|Mixed Platforms.ActiveCfg = Debug|Any CPU
		{99FE5A5C-F732-40A3-BEE6-ED5ADC393862}.Debug|Mixed Platforms.Build.0 = Debug|Any CPU
		{99FE5A5C-F732-40A3-BEE6-ED5ADC393862}.Release|.NET.ActiveCfg = Release|Any CPU
		{99FE5A5C-F732-40A3-BEE6-ED5ADC393862}.Release|.NET.Build.0 = Release|Any CPU
		{99FE5A5C-F732-40A3-BEE6-ED5ADC393862}.Release|Any CPU.ActiveCfg = Release|Any CPU
		{99FE5A5C-F732-40A3-BEE6-ED5ADC393862}.Release|Any CPU.Build.0 = Release|Any CPU
		{99FE5A5C-F732-40A3-BEE6-ED5ADC393862}.Release|Mixed Platforms.ActiveCfg = Release|Any CPU
		{99FE5A5C-F732-40A3-BEE6-ED5ADC393862}.Release|Mixed Platforms.Build.0 = Release|Any CPU
		{CF9FEEC5-3403-4F3F-9E4F-F0BAFE95DE39}.Debug|.NET.ActiveCfg = Debug|Any CPU
		{CF9FEEC5-3403-4F3F-9E4F-F0BAFE95DE39}.Debug|.NET.Build.0 = Debug|Any CPU
		{CF9FEEC5-3403-4F3F-9E4F-F0BAFE95DE39}.Debug|Any CPU.ActiveCfg = Debug|Any CPU
		{CF9FEEC5-3403-4F3F-9E4F-F0BAFE95DE39}.Debug|Any CPU.Build.0 = Debug|Any CPU
		{CF9FEEC5-3403-4F3F-9E4F-F0BAFE95DE39}.Debug|Mixed Platforms.ActiveCfg = Debug|Any CPU
		{CF9FEEC5-3403-4F3F-9E4F-F0BAFE95DE39}.Debug|Mixed Platforms.Build.0 = Debug|Any CPU
		{CF9FEEC5-3403-4F3F-9E4F-F0BAFE95DE39}.Release|.NET.ActiveCfg = Release|Any CPU
		{CF9FEEC5-3403-4F3F-9E4F-F0BAFE95DE39}.Release|.NET.Build.0 = Release|Any CPU
		{CF9FEEC5-3403-4F3F-9E4F-F0BAFE95DE39}.Release|Any CPU.ActiveCfg = Release|Any CPU
		{CF9FEEC5-3403-4F3F-9E4F-F0BAFE95DE39}.Release|Any CPU.Build.0 = Release|Any CPU
		{CF9FEEC5-3403-4F3F-9E4F-F0BAFE95DE39}.Release|Mixed Platforms.ActiveCfg = Release|Any CPU
		{CF9FEEC5-3403-4F3F-9E4F-F0BAFE95DE39}.Release|Mixed Platforms.Build.0 = Release|Any CPU
		{11B3C504-D501-4766-AC36-0CF1A813815B}.Debug|.NET.ActiveCfg = Debug|Any CPU
		{11B3C504-D501-4766-AC36-0CF1A813815B}.Debug|.NET.Build.0 = Debug|Any CPU
		{11B3C504-D501-4766-AC36-0CF1A813815B}.Debug|Any CPU.ActiveCfg = Debug|Any CPU
		{11B3C504-D501-4766-AC36-0CF1A813815B}.Debug|Any CPU.Build.0 = Debug|Any CPU
		{11B3C504-D501-4766-AC36-0CF1A813815B}.Debug|Mixed Platforms.ActiveCfg = Debug|Any CPU
		{11B3C504-D501-4766-AC36-0CF1A813815B}.Debug|Mixed Platforms.Build.0 = Debug|Any CPU
		{11B3C504-D501-4766-AC36-0CF1A813815B}.Release|.NET.ActiveCfg = Release|Any CPU
		{11B3C504-D501-4766-AC36-0CF1A813815B}.Release|.NET.Build.0 = Release|Any CPU
		{11B3C504-D501-4766-AC36-0CF1A813815B}.Release|Any CPU.ActiveCfg = Release|Any CPU
		{11B3C504-D501-4766-AC36-0CF1A813815B}.Release|Any CPU.Build.0 = Release|Any CPU
		{11B3C504-D501-4766-AC36-0CF1A813815B}.Release|Mixed Platforms.ActiveCfg = Release|Any CPU
		{11B3C504-D501-4766-AC36-0CF1A813815B}.Release|Mixed Platforms.Build.0 = Release|Any CPU
		{B291C1C1-599B-418E-8591-8A8CF1CAA188}.Debug|.NET.ActiveCfg = Debug|Any CPU
		{B291C1C1-599B-418E-8591-8A8CF1CAA188}.Debug|.NET.Build.0 = Debug|Any CPU
		{B291C1C1-599B-418E-8591-8A8CF1CAA188}.Debug|Any CPU.ActiveCfg = Debug|Any CPU
		{B291C1C1-599B-418E-8591-8A8CF1CAA188}.Debug|Any CPU.Build.0 = Debug|Any CPU
		{B291C1C1-599B-418E-8591-8A8CF1CAA188}.Debug|Mixed Platforms.ActiveCfg = Debug|Any CPU
		{B291C1C1-599B-418E-8591-8A8CF1CAA188}.Debug|Mixed Platforms.Build.0 = Debug|Any CPU
		{B291C1C1-599B-418E-8591-8A8CF1CAA188}.Release|.NET.ActiveCfg = Release|Any CPU
		{B291C1C1-599B-418E-8591-8A8CF1CAA188}.Release|.NET.Build.0 = Release|Any CPU
		{B291C1C1-599B-418E-8591-8A8CF1CAA188}.Release|Any CPU.ActiveCfg = Release|Any CPU
		{B291C1C1-599B-418E-8591-8A8CF1CAA188}.Release|Any CPU.Build.0 = Release|Any CPU
		{B291C1C1-599B-418E-8591-8A8CF1CAA188}.Release|Mixed Platforms.ActiveCfg = Release|Any CPU
		{B291C1C1-599B-418E-8591-8A8CF1CAA188}.Release|Mixed Platforms.Build.0 = Release|Any CPU
		{783DB85E-2EED-4377-8EF4-8D6EFE042007}.Debug|.NET.ActiveCfg = Debug|Any CPU
		{783DB85E-2EED-4377-8EF4-8D6EFE042007}.Debug|.NET.Build.0 = Debug|Any CPU
		{783DB85E-2EED-4377-8EF4-8D6EFE042007}.Debug|Any CPU.ActiveCfg = Debug|Any CPU
		{783DB85E-2EED-4377-8EF4-8D6EFE042007}.Debug|Any CPU.Build.0 = Debug|Any CPU
		{783DB85E-2EED-4377-8EF4-8D6EFE042007}.Debug|Mixed Platforms.ActiveCfg = Debug|Any CPU
		{783DB85E-2EED-4377-8EF4-8D6EFE042007}.Debug|Mixed Platforms.Build.0 = Debug|Any CPU
		{783DB85E-2EED-4377-8EF4-8D6EFE042007}.Release|.NET.ActiveCfg = Release|Any CPU
		{783DB85E-2EED-4377-8EF4-8D6EFE042007}.Release|.NET.Build.0 = Release|Any CPU
		{783DB85E-2EED-4377-8EF4-8D6EFE042007}.Release|Any CPU.ActiveCfg = Release|Any CPU
		{783DB85E-2EED-4377-8EF4-8D6EFE042007}.Release|Any CPU.Build.0 = Release|Any CPU
		{783DB85E-2EED-4377-8EF4-8D6EFE042007}.Release|Mixed Platforms.ActiveCfg = Release|Any CPU
		{783DB85E-2EED-4377-8EF4-8D6EFE042007}.Release|Mixed Platforms.Build.0 = Release|Any CPU
	EndGlobalSection
	GlobalSection(SolutionProperties) = preSolution
		HideSolutionNode = FALSE
	EndGlobalSection
	GlobalSection(NestedProjects) = preSolution
		{094F74CD-2DD7-496F-BC48-A6D357BF33FD} = {28EA2C84-8295-49ED-BC67-803B7778513E}
		{92509065-DAEA-4457-8300-C7B64CD0E9F4} = {28EA2C84-8295-49ED-BC67-803B7778513E}
		{4CE16C2F-EFF6-48A4-99BC-8984DCC143FA} = {9BDB5C84-14EC-4384-B423-9E319675B3CA}
		{1631B0BA-59AC-4F0D-B300-3F64CC7579C9} = {9BDB5C84-14EC-4384-B423-9E319675B3CA}
		{936E50BD-4027-4864-ADE9-423C3FBF7FFB} = {9BDB5C84-14EC-4384-B423-9E319675B3CA}
		{5909BFE7-93CF-4E5F-BE22-6293368AF01D} = {094F74CD-2DD7-496F-BC48-A6D357BF33FD}
		{5C649B55-1B3F-4C38-9998-1B043E94A244} = {094F74CD-2DD7-496F-BC48-A6D357BF33FD}
		{7AEE5B37-C552-4E59-9B6F-88755BCB5070} = {094F74CD-2DD7-496F-BC48-A6D357BF33FD}
		{446E148D-A9D5-4D7D-A706-BEDD45B2BC7D} = {92509065-DAEA-4457-8300-C7B64CD0E9F4}
		{7C2EF610-BCA0-4D1F-898A-DE9908E4970C} = {094F74CD-2DD7-496F-BC48-A6D357BF33FD}
		{A47739AF-6D04-45AA-B688-4E39CDE48FFD} = {28EA2C84-8295-49ED-BC67-803B7778513E}
		{DADD54C1-3679-4672-9774-9362428EB9E0} = {A47739AF-6D04-45AA-B688-4E39CDE48FFD}
		{4F5F0C13-F302-4CEE-B60E-A55D7C30E3F8} = {A47739AF-6D04-45AA-B688-4E39CDE48FFD}
		{C7C835DC-0A59-4227-9C3C-0AF0633CD68C} = {A47739AF-6D04-45AA-B688-4E39CDE48FFD}
		{22409381-1808-4F0A-9C42-9FAA6B3BCFA2} = {A47739AF-6D04-45AA-B688-4E39CDE48FFD}
		{99FE5A5C-F732-40A3-BEE6-ED5ADC393862} = {A47739AF-6D04-45AA-B688-4E39CDE48FFD}
		{CF9FEEC5-3403-4F3F-9E4F-F0BAFE95DE39} = {A47739AF-6D04-45AA-B688-4E39CDE48FFD}
		{11B3C504-D501-4766-AC36-0CF1A813815B} = {A47739AF-6D04-45AA-B688-4E39CDE48FFD}
		{783DB85E-2EED-4377-8EF4-8D6EFE042007} = {094F74CD-2DD7-496F-BC48-A6D357BF33FD}
	EndGlobalSection
	GlobalSection(ExtensibilityGlobals) = postSolution
		SolutionGuid = {A41913C2-EDEB-440A-BBDE-0AEB56C1CBA6}
	EndGlobalSection
	GlobalSection(TextTemplating) = postSolution
		TextTemplating = 1
	EndGlobalSection
EndGlobal
